{
  "name": "Proyecto-Calidad",
  "lockfileVersion": 2,
  "requires": true,
  "packages": {
    "": {
      "dependencies": {
        "fontawesome": "^5.6.3",
        "sweetalert2": "^11.6.5"
      }
    },
    "node_modules/fontawesome": {
      "version": "5.6.3",
      "resolved": "https://registry.npmjs.org/fontawesome/-/fontawesome-5.6.3.tgz",
      "integrity": "sha512-FCc+CawwsJWWprVEg9X14yI7zI+l9YVAyhzgu70qwGeDn0tLLDH/dVfqgij72g4BBGgLGfK2qnvFGAmYUkhaWg=="
    },
    "node_modules/sweetalert2": {
      "version": "11.6.5",
      "resolved": "https://registry.npmjs.org/sweetalert2/-/sweetalert2-11.6.5.tgz",
      "integrity": "sha512-4/2dD+HoGbMnemYJlY/IXhLUgVFVxLgH3dlEDLY1yufOAW9HLEI8VHmgCo4+pmXbUBlKZU/pDbSgw3wkysi8jQ==",
      "funding": {
        "type": "individual",
        "url": "https://github.com/sponsors/limonte"
      }
    }
  },
  "dependencies": {
    "fontawesome": {
      "version": "5.6.3",
      "resolved": "https://registry.npmjs.org/fontawesome/-/fontawesome-5.6.3.tgz",
      "integrity": "sha512-FCc+CawwsJWWprVEg9X14yI7zI+l9YVAyhzgu70qwGeDn0tLLDH/dVfqgij72g4BBGgLGfK2qnvFGAmYUkhaWg=="
    },
    "sweetalert2": {
      "version": "11.6.5",
      "resolved": "https://registry.npmjs.org/sweetalert2/-/sweetalert2-11.6.5.tgz",
      "integrity": "sha512-4/2dD+HoGbMnemYJlY/IXhLUgVFVxLgH3dlEDLY1yufOAW9HLEI8VHmgCo4+pmXbUBlKZU/pDbSgw3wkysi8jQ=="
    }
  }
}
